{
  "version": 4,
  "terraform_version": "1.5.7",
  "serial": 30,
  "lineage": "7df565e7-5f11-83ee-0ff3-7cffb3a27969",
  "outputs": {
    "app_backend_service": {
      "value": "app-backend-service",
      "type": "string"
    },
    "app_global_ip": {
      "value": "34.120.119.1",
      "type": "string"
    },
    "app_instance_group_manager": {
      "value": "app-mig",
      "type": "string"
    },
    "app_load_balancer_url": {
      "value": "http://34.120.119.1",
      "type": "string"
    },
    "app_url": {
      "value": "http://app.mygcp-appproject.com.",
      "type": "string"
    },
    "connection_name": {
      "value": "metroc-project-456121:us-central1:my-db-instance",
      "type": "string"
    },
    "db_connection_string": {
      "value": "MYSQL_8_0://projectuser@34.29.23.78:3306/projectdb",
      "type": "string"
    },
    "db_instance_ip": {
      "value": "34.29.23.78",
      "type": "string"
    },
    "dns_zone_app": {
      "value": "app-zone",
      "type": "string"
    },
    "dns_zone_web": {
      "value": "web-zone",
      "type": "string"
    },
    "web_backend_service": {
      "value": "web-backend-service",
      "type": "string"
    },
    "web_global_ip": {
      "value": "34.8.247.202",
      "type": "string"
    },
    "web_instance_group_manager": {
      "value": "web-mig",
      "type": "string"
    },
    "web_load_balancer_url": {
      "value": "http://34.8.247.202",
      "type": "string"
    },
    "web_url": {
      "value": "http://web.mygcp-exampleproject.com.",
      "type": "string"
    }
  },
  "resources": [
    {
      "mode": "data",
      "type": "google_compute_instance_group",
      "name": "app_instance_group",
      "provider": "provider[\"registry.terraform.io/hashicorp/google\"]",
      "instances": [
        {
          "schema_version": 0,
          "attributes": {
            "description": "This instance group is controlled by Instance Group Manager 'app-mig'. To modify instances in this group, use the Instance Group Manager API: https://cloud.google.com/compute/docs/reference/latest/instanceGroupManagers",
            "id": "projects/metroc-project-456121/zones/us-central1-a/instanceGroups/app-mig",
            "instances": [
              "https://www.googleapis.com/compute/v1/projects/metroc-project-456121/zones/us-central1-a/instances/app-vdxv"
            ],
            "name": "app-mig",
            "named_port": [
              {
                "name": "http",
                "port": 80
              }
            ],
            "network": "https://www.googleapis.com/compute/v1/projects/metroc-project-456121/global/networks/default",
            "project": "metroc-project-456121",
            "self_link": "https://www.googleapis.com/compute/v1/projects/metroc-project-456121/zones/us-central1-a/instanceGroups/app-mig",
            "size": 1,
            "zone": "us-central1-a"
          },
          "sensitive_attributes": []
        }
      ]
    },
    {
      "mode": "data",
      "type": "google_compute_network",
      "name": "default",
      "provider": "provider[\"registry.terraform.io/hashicorp/google\"]",
      "instances": [
        {
          "schema_version": 0,
          "attributes": {
            "description": "Default network for the project",
            "gateway_ipv4": "",
            "id": "projects/metroc-project-456121/global/networks/default",
            "name": "default",
            "project": null,
            "self_link": "https://www.googleapis.com/compute/v1/projects/metroc-project-456121/global/networks/default",
            "subnetworks_self_links": [
              "https://www.googleapis.com/compute/v1/projects/metroc-project-456121/regions/europe-central2/subnetworks/default",
              "https://www.googleapis.com/compute/v1/projects/metroc-project-456121/regions/us-west1/subnetworks/default",
              "https://www.googleapis.com/compute/v1/projects/metroc-project-456121/regions/me-central1/subnetworks/default",
              "https://www.googleapis.com/compute/v1/projects/metroc-project-456121/regions/southamerica-west1/subnetworks/default",
              "https://www.googleapis.com/compute/v1/projects/metroc-project-456121/regions/us-east4/subnetworks/default",
              "https://www.googleapis.com/compute/v1/projects/metroc-project-456121/regions/europe-north1/subnetworks/default",
              "https://www.googleapis.com/compute/v1/projects/metroc-project-456121/regions/us-east1/subnetworks/default",
              "https://www.googleapis.com/compute/v1/projects/metroc-project-456121/regions/australia-southeast2/subnetworks/default",
              "https://www.googleapis.com/compute/v1/projects/metroc-project-456121/regions/asia-east1/subnetworks/default",
              "https://www.googleapis.com/compute/v1/projects/metroc-project-456121/regions/australia-southeast1/subnetworks/default",
              "https://www.googleapis.com/compute/v1/projects/metroc-project-456121/regions/europe-west9/subnetworks/default",
              "https://www.googleapis.com/compute/v1/projects/metroc-project-456121/regions/asia-east2/subnetworks/default",
              "https://www.googleapis.com/compute/v1/projects/metroc-project-456121/regions/us-central1/subnetworks/default",
              "https://www.googleapis.com/compute/v1/projects/metroc-project-456121/regions/europe-west6/subnetworks/default",
              "https://www.googleapis.com/compute/v1/projects/metroc-project-456121/regions/asia-northeast1/subnetworks/default",
              "https://www.googleapis.com/compute/v1/projects/metroc-project-456121/regions/europe-west8/subnetworks/default",
              "https://www.googleapis.com/compute/v1/projects/metroc-project-456121/regions/us-west4/subnetworks/default",
              "https://www.googleapis.com/compute/v1/projects/metroc-project-456121/regions/asia-south2/subnetworks/default",
              "https://www.googleapis.com/compute/v1/projects/metroc-project-456121/regions/asia-southeast2/subnetworks/default",
              "https://www.googleapis.com/compute/v1/projects/metroc-project-456121/regions/northamerica-northeast2/subnetworks/default",
              "https://www.googleapis.com/compute/v1/projects/metroc-project-456121/regions/us-east5/subnetworks/default",
              "https://www.googleapis.com/compute/v1/projects/metroc-project-456121/regions/asia-northeast2/subnetworks/default",
              "https://www.googleapis.com/compute/v1/projects/metroc-project-456121/regions/europe-west12/subnetworks/default",
              "https://www.googleapis.com/compute/v1/projects/metroc-project-456121/regions/europe-west10/subnetworks/default",
              "https://www.googleapis.com/compute/v1/projects/metroc-project-456121/regions/europe-west2/subnetworks/default",
              "https://www.googleapis.com/compute/v1/projects/metroc-project-456121/regions/europe-north2/subnetworks/default",
              "https://www.googleapis.com/compute/v1/projects/metroc-project-456121/regions/africa-south1/subnetworks/default",
              "https://www.googleapis.com/compute/v1/projects/metroc-project-456121/regions/europe-west4/subnetworks/default",
              "https://www.googleapis.com/compute/v1/projects/metroc-project-456121/regions/northamerica-northeast1/subnetworks/default",
              "https://www.googleapis.com/compute/v1/projects/metroc-project-456121/regions/asia-south1/subnetworks/default",
              "https://www.googleapis.com/compute/v1/projects/metroc-project-456121/regions/asia-northeast3/subnetworks/default",
              "https://www.googleapis.com/compute/v1/projects/metroc-project-456121/regions/asia-southeast1/subnetworks/default",
              "https://www.googleapis.com/compute/v1/projects/metroc-project-456121/regions/northamerica-south1/subnetworks/default",
              "https://www.googleapis.com/compute/v1/projects/metroc-project-456121/regions/us-west3/subnetworks/default",
              "https://www.googleapis.com/compute/v1/projects/metroc-project-456121/regions/europe-west1/subnetworks/default",
              "https://www.googleapis.com/compute/v1/projects/metroc-project-456121/regions/us-west2/subnetworks/default",
              "https://www.googleapis.com/compute/v1/projects/metroc-project-456121/regions/us-south1/subnetworks/default",
              "https://www.googleapis.com/compute/v1/projects/metroc-project-456121/regions/europe-southwest1/subnetworks/default",
              "https://www.googleapis.com/compute/v1/projects/metroc-project-456121/regions/southamerica-east1/subnetworks/default",
              "https://www.googleapis.com/compute/v1/projects/metroc-project-456121/regions/me-west1/subnetworks/default",
              "https://www.googleapis.com/compute/v1/projects/metroc-project-456121/regions/europe-west3/subnetworks/default"
            ]
          },
          "sensitive_attributes": []
        }
      ]
    },
    {
      "mode": "managed",
      "type": "google_compute_backend_service",
      "name": "app_backend_service",
      "provider": "provider[\"registry.terraform.io/hashicorp/google\"]",
      "instances": [
        {
          "schema_version": 1,
          "attributes": {
            "affinity_cookie_ttl_sec": 0,
            "backend": [
              {
                "balancing_mode": "UTILIZATION",
                "capacity_scaler": 1,
                "description": "",
                "group": "https://www.googleapis.com/compute/v1/projects/metroc-project-456121/zones/us-central1-a/instanceGroups/app-mig",
                "max_connections": 0,
                "max_connections_per_endpoint": 0,
                "max_connections_per_instance": 0,
                "max_rate": 0,
                "max_rate_per_endpoint": 0,
                "max_rate_per_instance": 0,
                "max_utilization": 0
              }
            ],
            "cdn_policy": [],
            "circuit_breakers": [],
            "compression_mode": "",
            "connection_draining_timeout_sec": 300,
            "consistent_hash": [],
            "creation_timestamp": "2025-05-13T15:46:27.696-07:00",
            "custom_request_headers": [],
            "custom_response_headers": [],
            "description": "",
            "edge_security_policy": "",
            "enable_cdn": false,
            "fingerprint": "t37bNMzMHvs=",
            "generated_id": 7708941939710522668,
            "health_checks": [
              "https://www.googleapis.com/compute/v1/projects/metroc-project-456121/global/httpHealthChecks/app-health-check"
            ],
            "iap": [],
            "id": "projects/metroc-project-456121/global/backendServices/app-backend-service",
            "load_balancing_scheme": "EXTERNAL",
            "locality_lb_policies": [],
            "locality_lb_policy": "",
            "log_config": [],
            "name": "app-backend-service",
            "outlier_detection": [],
            "port_name": "http",
            "project": "metroc-project-456121",
            "protocol": "HTTP",
            "security_policy": "",
            "security_settings": [],
            "self_link": "https://www.googleapis.com/compute/v1/projects/metroc-project-456121/global/backendServices/app-backend-service",
            "session_affinity": "NONE",
            "timeout_sec": 10,
            "timeouts": null
          },
          "sensitive_attributes": [],
          "private": "eyJlMmJmYjczMC1lY2FhLTExZTYtOGY4OC0zNDM2M2JjN2M0YzAiOnsiY3JlYXRlIjoxMjAwMDAwMDAwMDAwLCJkZWxldGUiOjEyMDAwMDAwMDAwMDAsInVwZGF0ZSI6MTIwMDAwMDAwMDAwMH0sInNjaGVtYV92ZXJzaW9uIjoiMSJ9",
          "dependencies": [
            "data.google_compute_network.default",
            "google_compute_http_health_check.app_health_check",
            "google_compute_instance_group_manager.app_mig",
            "google_compute_instance_template.app_template"
          ]
        }
      ]
    },
    {
      "mode": "managed",
      "type": "google_compute_backend_service",
      "name": "web_backend_service",
      "provider": "provider[\"registry.terraform.io/hashicorp/google\"]",
      "instances": [
        {
          "schema_version": 1,
          "attributes": {
            "affinity_cookie_ttl_sec": 0,
            "backend": [
              {
                "balancing_mode": "UTILIZATION",
                "capacity_scaler": 1,
                "description": "",
                "group": "https://www.googleapis.com/compute/v1/projects/metroc-project-456121/zones/us-central1-a/instanceGroups/web-mig",
                "max_connections": 0,
                "max_connections_per_endpoint": 0,
                "max_connections_per_instance": 0,
                "max_rate": 0,
                "max_rate_per_endpoint": 0,
                "max_rate_per_instance": 0,
                "max_utilization": 0
              }
            ],
            "cdn_policy": [],
            "circuit_breakers": [],
            "compression_mode": "",
            "connection_draining_timeout_sec": 300,
            "consistent_hash": [],
            "creation_timestamp": "2025-05-13T15:46:26.618-07:00",
            "custom_request_headers": [],
            "custom_response_headers": [],
            "description": "",
            "edge_security_policy": "",
            "enable_cdn": false,
            "fingerprint": "c3cBadzdhKM=",
            "generated_id": 8930371209230447917,
            "health_checks": [
              "https://www.googleapis.com/compute/v1/projects/metroc-project-456121/global/httpHealthChecks/web-health-check"
            ],
            "iap": [],
            "id": "projects/metroc-project-456121/global/backendServices/web-backend-service",
            "load_balancing_scheme": "EXTERNAL",
            "locality_lb_policies": [],
            "locality_lb_policy": "",
            "log_config": [],
            "name": "web-backend-service",
            "outlier_detection": [],
            "port_name": "http",
            "project": "metroc-project-456121",
            "protocol": "HTTP",
            "security_policy": "",
            "security_settings": [],
            "self_link": "https://www.googleapis.com/compute/v1/projects/metroc-project-456121/global/backendServices/web-backend-service",
            "session_affinity": "NONE",
            "timeout_sec": 10,
            "timeouts": null
          },
          "sensitive_attributes": [],
          "private": "eyJlMmJmYjczMC1lY2FhLTExZTYtOGY4OC0zNDM2M2JjN2M0YzAiOnsiY3JlYXRlIjoxMjAwMDAwMDAwMDAwLCJkZWxldGUiOjEyMDAwMDAwMDAwMDAsInVwZGF0ZSI6MTIwMDAwMDAwMDAwMH0sInNjaGVtYV92ZXJzaW9uIjoiMSJ9",
          "dependencies": [
            "data.google_compute_network.default",
            "google_compute_http_health_check.web_health_check",
            "google_compute_instance_group_manager.web_mig",
            "google_compute_instance_template.web_template"
          ]
        }
      ]
    },
    {
      "mode": "managed",
      "type": "google_compute_firewall",
      "name": "allow_http",
      "provider": "provider[\"registry.terraform.io/hashicorp/google\"]",
      "instances": [
        {
          "schema_version": 1,
          "attributes": {
            "allow": [
              {
                "ports": [
                  "80"
                ],
                "protocol": "tcp"
              }
            ],
            "creation_timestamp": "2025-05-06T15:49:04.098-07:00",
            "deny": [],
            "description": "Allow HTTP traffic from the internet",
            "destination_ranges": [],
            "direction": "INGRESS",
            "disabled": false,
            "enable_logging": null,
            "id": "projects/metroc-project-456121/global/firewalls/allow-http",
            "log_config": [],
            "name": "allow-http",
            "network": "https://www.googleapis.com/compute/v1/projects/metroc-project-456121/global/networks/default",
            "priority": 1000,
            "project": "metroc-project-456121",
            "self_link": "https://www.googleapis.com/compute/v1/projects/metroc-project-456121/global/firewalls/allow-http",
            "source_ranges": [
              "0.0.0.0/0"
            ],
            "source_service_accounts": [],
            "source_tags": [],
            "target_service_accounts": [],
            "target_tags": [
              "app-server",
              "web-server"
            ],
            "timeouts": null
          },
          "sensitive_attributes": [],
          "private": "eyJlMmJmYjczMC1lY2FhLTExZTYtOGY4OC0zNDM2M2JjN2M0YzAiOnsiY3JlYXRlIjoxMjAwMDAwMDAwMDAwLCJkZWxldGUiOjEyMDAwMDAwMDAwMDAsInVwZGF0ZSI6MTIwMDAwMDAwMDAwMH0sInNjaGVtYV92ZXJzaW9uIjoiMSJ9",
          "dependencies": [
            "data.google_compute_network.default"
          ]
        }
      ]
    },
    {
      "mode": "managed",
      "type": "google_compute_firewall",
      "name": "allow_http_web",
      "provider": "provider[\"registry.terraform.io/hashicorp/google\"]",
      "instances": [
        {
          "schema_version": 1,
          "attributes": {
            "allow": [
              {
                "ports": [
                  "80"
                ],
                "protocol": "tcp"
              }
            ],
            "creation_timestamp": "2025-05-13T15:45:52.807-07:00",
            "deny": [],
            "description": "",
            "destination_ranges": [],
            "direction": "INGRESS",
            "disabled": false,
            "enable_logging": null,
            "id": "projects/metroc-project-456121/global/firewalls/allow-http-web",
            "log_config": [],
            "name": "allow-http-web",
            "network": "https://www.googleapis.com/compute/v1/projects/metroc-project-456121/global/networks/default",
            "priority": 1000,
            "project": "metroc-project-456121",
            "self_link": "https://www.googleapis.com/compute/v1/projects/metroc-project-456121/global/firewalls/allow-http-web",
            "source_ranges": [
              "0.0.0.0/0"
            ],
            "source_service_accounts": [],
            "source_tags": [],
            "target_service_accounts": [],
            "target_tags": [
              "web-server"
            ],
            "timeouts": null
          },
          "sensitive_attributes": [],
          "private": "eyJlMmJmYjczMC1lY2FhLTExZTYtOGY4OC0zNDM2M2JjN2M0YzAiOnsiY3JlYXRlIjoxMjAwMDAwMDAwMDAwLCJkZWxldGUiOjEyMDAwMDAwMDAwMDAsInVwZGF0ZSI6MTIwMDAwMDAwMDAwMH0sInNjaGVtYV92ZXJzaW9uIjoiMSJ9"
        }
      ]
    },
    {
      "mode": "managed",
      "type": "google_compute_global_address",
      "name": "app_ip",
      "provider": "provider[\"registry.terraform.io/hashicorp/google\"]",
      "instances": [
        {
          "schema_version": 0,
          "attributes": {
            "address": "34.120.119.1",
            "address_type": "EXTERNAL",
            "creation_timestamp": "2025-05-13T15:45:52.666-07:00",
            "description": "",
            "id": "projects/metroc-project-456121/global/addresses/app-ip",
            "ip_version": "",
            "name": "app-ip",
            "network": "",
            "prefix_length": 0,
            "project": "metroc-project-456121",
            "purpose": "",
            "self_link": "https://www.googleapis.com/compute/v1/projects/metroc-project-456121/global/addresses/app-ip",
            "timeouts": null
          },
          "sensitive_attributes": [],
          "private": "eyJlMmJmYjczMC1lY2FhLTExZTYtOGY4OC0zNDM2M2JjN2M0YzAiOnsiY3JlYXRlIjoxMjAwMDAwMDAwMDAwLCJkZWxldGUiOjEyMDAwMDAwMDAwMDB9fQ=="
        }
      ]
    },
    {
      "mode": "managed",
      "type": "google_compute_global_address",
      "name": "web_ip",
      "provider": "provider[\"registry.terraform.io/hashicorp/google\"]",
      "instances": [
        {
          "schema_version": 0,
          "attributes": {
            "address": "34.8.247.202",
            "address_type": "EXTERNAL",
            "creation_timestamp": "2025-05-13T15:45:52.697-07:00",
            "description": "",
            "id": "projects/metroc-project-456121/global/addresses/web-ip",
            "ip_version": "",
            "name": "web-ip",
            "network": "",
            "prefix_length": 0,
            "project": "metroc-project-456121",
            "purpose": "",
            "self_link": "https://www.googleapis.com/compute/v1/projects/metroc-project-456121/global/addresses/web-ip",
            "timeouts": null
          },
          "sensitive_attributes": [],
          "private": "eyJlMmJmYjczMC1lY2FhLTExZTYtOGY4OC0zNDM2M2JjN2M0YzAiOnsiY3JlYXRlIjoxMjAwMDAwMDAwMDAwLCJkZWxldGUiOjEyMDAwMDAwMDAwMDB9fQ=="
        }
      ]
    },
    {
      "mode": "managed",
      "type": "google_compute_global_forwarding_rule",
      "name": "app_forwarding_rule",
      "provider": "provider[\"registry.terraform.io/hashicorp/google\"]",
      "instances": [
        {
          "schema_version": 0,
          "attributes": {
            "base_forwarding_rule": "",
            "description": "",
            "effective_labels": {},
            "id": "projects/metroc-project-456121/global/forwardingRules/app-forwarding-rule",
            "ip_address": "34.120.119.1",
            "ip_protocol": "TCP",
            "ip_version": "",
            "label_fingerprint": "42WmSpB8rSM=",
            "labels": {},
            "load_balancing_scheme": "EXTERNAL",
            "metadata_filters": [],
            "name": "app-forwarding-rule",
            "network": "",
            "no_automate_dns_zone": null,
            "port_range": "80-80",
            "project": "metroc-project-456121",
            "psc_connection_id": "",
            "psc_connection_status": "",
            "self_link": "https://www.googleapis.com/compute/v1/projects/metroc-project-456121/global/forwardingRules/app-forwarding-rule",
            "source_ip_ranges": [],
            "subnetwork": "",
            "target": "https://www.googleapis.com/compute/v1/projects/metroc-project-456121/global/targetHttpProxies/app-http-proxy",
            "terraform_labels": {},
            "timeouts": null
          },
          "sensitive_attributes": [],
          "private": "eyJlMmJmYjczMC1lY2FhLTExZTYtOGY4OC0zNDM2M2JjN2M0YzAiOnsiY3JlYXRlIjoxMjAwMDAwMDAwMDAwLCJkZWxldGUiOjEyMDAwMDAwMDAwMDAsInVwZGF0ZSI6MTIwMDAwMDAwMDAwMH19",
          "dependencies": [
            "data.google_compute_network.default",
            "google_compute_backend_service.app_backend_service",
            "google_compute_global_address.app_ip",
            "google_compute_http_health_check.app_health_check",
            "google_compute_instance_group_manager.app_mig",
            "google_compute_instance_template.app_template",
            "google_compute_target_http_proxy.app_http_proxy",
            "google_compute_url_map.app_url_map"
          ]
        }
      ]
    },
    {
      "mode": "managed",
      "type": "google_compute_global_forwarding_rule",
      "name": "web_forwarding_rule",
      "provider": "provider[\"registry.terraform.io/hashicorp/google\"]",
      "instances": [
        {
          "schema_version": 0,
          "attributes": {
            "base_forwarding_rule": "",
            "description": "",
            "effective_labels": {},
            "id": "projects/metroc-project-456121/global/forwardingRules/web-forwarding-rule",
            "ip_address": "34.8.247.202",
            "ip_protocol": "TCP",
            "ip_version": "",
            "label_fingerprint": "42WmSpB8rSM=",
            "labels": {},
            "load_balancing_scheme": "EXTERNAL",
            "metadata_filters": [],
            "name": "web-forwarding-rule",
            "network": "",
            "no_automate_dns_zone": null,
            "port_range": "80-80",
            "project": "metroc-project-456121",
            "psc_connection_id": "",
            "psc_connection_status": "",
            "self_link": "https://www.googleapis.com/compute/v1/projects/metroc-project-456121/global/forwardingRules/web-forwarding-rule",
            "source_ip_ranges": [],
            "subnetwork": "",
            "target": "https://www.googleapis.com/compute/v1/projects/metroc-project-456121/global/targetHttpProxies/web-http-proxy",
            "terraform_labels": {},
            "timeouts": null
          },
          "sensitive_attributes": [],
          "private": "eyJlMmJmYjczMC1lY2FhLTExZTYtOGY4OC0zNDM2M2JjN2M0YzAiOnsiY3JlYXRlIjoxMjAwMDAwMDAwMDAwLCJkZWxldGUiOjEyMDAwMDAwMDAwMDAsInVwZGF0ZSI6MTIwMDAwMDAwMDAwMH19",
          "dependencies": [
            "data.google_compute_network.default",
            "google_compute_backend_service.web_backend_service",
            "google_compute_global_address.web_ip",
            "google_compute_http_health_check.web_health_check",
            "google_compute_instance_group_manager.web_mig",
            "google_compute_instance_template.web_template",
            "google_compute_target_http_proxy.web_http_proxy",
            "google_compute_url_map.web_url_map"
          ]
        }
      ]
    },
    {
      "mode": "managed",
      "type": "google_compute_http_health_check",
      "name": "app_health_check",
      "provider": "provider[\"registry.terraform.io/hashicorp/google\"]",
      "instances": [
        {
          "schema_version": 0,
          "attributes": {
            "check_interval_sec": 5,
            "creation_timestamp": "2025-05-13T15:45:52.718-07:00",
            "description": "",
            "healthy_threshold": 2,
            "host": "",
            "id": "projects/metroc-project-456121/global/httpHealthChecks/app-health-check",
            "name": "app-health-check",
            "port": 80,
            "project": "metroc-project-456121",
            "request_path": "/",
            "self_link": "https://www.googleapis.com/compute/v1/projects/metroc-project-456121/global/httpHealthChecks/app-health-check",
            "timeout_sec": 5,
            "timeouts": null,
            "unhealthy_threshold": 2
          },
          "sensitive_attributes": [],
          "private": "eyJlMmJmYjczMC1lY2FhLTExZTYtOGY4OC0zNDM2M2JjN2M0YzAiOnsiY3JlYXRlIjoxMjAwMDAwMDAwMDAwLCJkZWxldGUiOjEyMDAwMDAwMDAwMDAsInVwZGF0ZSI6MTIwMDAwMDAwMDAwMH19"
        }
      ]
    },
    {
      "mode": "managed",
      "type": "google_compute_http_health_check",
      "name": "web_health_check",
      "provider": "provider[\"registry.terraform.io/hashicorp/google\"]",
      "instances": [
        {
          "schema_version": 0,
          "attributes": {
            "check_interval_sec": 5,
            "creation_timestamp": "2025-05-13T15:45:53.011-07:00",
            "description": "",
            "healthy_threshold": 2,
            "host": "",
            "id": "projects/metroc-project-456121/global/httpHealthChecks/web-health-check",
            "name": "web-health-check",
            "port": 80,
            "project": "metroc-project-456121",
            "request_path": "/",
            "self_link": "https://www.googleapis.com/compute/v1/projects/metroc-project-456121/global/httpHealthChecks/web-health-check",
            "timeout_sec": 5,
            "timeouts": null,
            "unhealthy_threshold": 2
          },
          "sensitive_attributes": [],
          "private": "eyJlMmJmYjczMC1lY2FhLTExZTYtOGY4OC0zNDM2M2JjN2M0YzAiOnsiY3JlYXRlIjoxMjAwMDAwMDAwMDAwLCJkZWxldGUiOjEyMDAwMDAwMDAwMDAsInVwZGF0ZSI6MTIwMDAwMDAwMDAwMH19"
        }
      ]
    },
    {
      "mode": "managed",
      "type": "google_compute_instance_group_manager",
      "name": "app_mig",
      "provider": "provider[\"registry.terraform.io/hashicorp/google\"]",
      "instances": [
        {
          "schema_version": 0,
          "attributes": {
            "auto_healing_policies": [],
            "base_instance_name": "app",
            "description": "",
            "fingerprint": "YGjtzOFqf1Y=",
            "id": "projects/metroc-project-456121/zones/us-central1-a/instanceGroupManagers/app-mig",
            "instance_group": "https://www.googleapis.com/compute/v1/projects/metroc-project-456121/zones/us-central1-a/instanceGroups/app-mig",
            "instance_lifecycle_policy": [
              {
                "force_update_on_repair": "NO"
              }
            ],
            "list_managed_instances_results": "PAGELESS",
            "name": "app-mig",
            "named_port": [
              {
                "name": "http",
                "port": 80
              }
            ],
            "operation": null,
            "project": "metroc-project-456121",
            "self_link": "https://www.googleapis.com/compute/v1/projects/metroc-project-456121/zones/us-central1-a/instanceGroupManagers/app-mig",
            "stateful_disk": [],
            "status": [
              {
                "is_stable": true,
                "stateful": [
                  {
                    "has_stateful_config": false,
                    "per_instance_configs": [
                      {
                        "all_effective": true
                      }
                    ]
                  }
                ],
                "version_target": [
                  {
                    "is_reached": true
                  }
                ]
              }
            ],
            "target_pools": [],
            "target_size": 1,
            "timeouts": null,
            "update_policy": [
              {
                "max_surge_fixed": 1,
                "max_surge_percent": 0,
                "max_unavailable_fixed": 1,
                "max_unavailable_percent": 0,
                "minimal_action": "REPLACE",
                "most_disruptive_allowed_action": "",
                "replacement_method": "SUBSTITUTE",
                "type": "OPPORTUNISTIC"
              }
            ],
            "version": [
              {
                "instance_template": "https://www.googleapis.com/compute/v1/projects/metroc-project-456121/global/instanceTemplates/app-template",
                "name": "",
                "target_size": []
              }
            ],
            "wait_for_instances": false,
            "wait_for_instances_status": "STABLE",
            "zone": "us-central1-a"
          },
          "sensitive_attributes": [],
          "private": "eyJlMmJmYjczMC1lY2FhLTExZTYtOGY4OC0zNDM2M2JjN2M0YzAiOnsiY3JlYXRlIjo5MDAwMDAwMDAwMDAsImRlbGV0ZSI6OTAwMDAwMDAwMDAwLCJ1cGRhdGUiOjkwMDAwMDAwMDAwMH19",
          "dependencies": [
            "data.google_compute_network.default",
            "google_compute_instance_template.app_template"
          ]
        }
      ]
    },
    {
      "mode": "managed",
      "type": "google_compute_instance_group_manager",
      "name": "web_mig",
      "provider": "provider[\"registry.terraform.io/hashicorp/google\"]",
      "instances": [
        {
          "schema_version": 0,
          "attributes": {
            "auto_healing_policies": [],
            "base_instance_name": "web",
            "description": "",
            "fingerprint": "YNcO3eYxfkQ=",
            "id": "projects/metroc-project-456121/zones/us-central1-a/instanceGroupManagers/web-mig",
            "instance_group": "https://www.googleapis.com/compute/v1/projects/metroc-project-456121/zones/us-central1-a/instanceGroups/web-mig",
            "instance_lifecycle_policy": [
              {
                "force_update_on_repair": "NO"
              }
            ],
            "list_managed_instances_results": "PAGELESS",
            "name": "web-mig",
            "named_port": [
              {
                "name": "http",
                "port": 80
              }
            ],
            "operation": null,
            "project": "metroc-project-456121",
            "self_link": "https://www.googleapis.com/compute/v1/projects/metroc-project-456121/zones/us-central1-a/instanceGroupManagers/web-mig",
            "stateful_disk": [],
            "status": [
              {
                "is_stable": true,
                "stateful": [
                  {
                    "has_stateful_config": false,
                    "per_instance_configs": [
                      {
                        "all_effective": true
                      }
                    ]
                  }
                ],
                "version_target": [
                  {
                    "is_reached": true
                  }
                ]
              }
            ],
            "target_pools": [],
            "target_size": 1,
            "timeouts": null,
            "update_policy": [
              {
                "max_surge_fixed": 1,
                "max_surge_percent": 0,
                "max_unavailable_fixed": 1,
                "max_unavailable_percent": 0,
                "minimal_action": "REPLACE",
                "most_disruptive_allowed_action": "",
                "replacement_method": "SUBSTITUTE",
                "type": "OPPORTUNISTIC"
              }
            ],
            "version": [
              {
                "instance_template": "https://www.googleapis.com/compute/v1/projects/metroc-project-456121/global/instanceTemplates/web-template",
                "name": "",
                "target_size": []
              }
            ],
            "wait_for_instances": false,
            "wait_for_instances_status": "STABLE",
            "zone": "us-central1-a"
          },
          "sensitive_attributes": [],
          "private": "eyJlMmJmYjczMC1lY2FhLTExZTYtOGY4OC0zNDM2M2JjN2M0YzAiOnsiY3JlYXRlIjo5MDAwMDAwMDAwMDAsImRlbGV0ZSI6OTAwMDAwMDAwMDAwLCJ1cGRhdGUiOjkwMDAwMDAwMDAwMH19",
          "dependencies": [
            "data.google_compute_network.default",
            "google_compute_instance_template.web_template"
          ]
        }
      ]
    },
    {
      "mode": "managed",
      "type": "google_compute_instance_template",
      "name": "app_template",
      "provider": "provider[\"registry.terraform.io/hashicorp/google\"]",
      "instances": [
        {
          "schema_version": 1,
          "attributes": {
            "advanced_machine_features": [],
            "can_ip_forward": false,
            "confidential_instance_config": [],
            "description": "",
            "disk": [
              {
                "auto_delete": true,
                "boot": true,
                "device_name": "persistent-disk-0",
                "disk_encryption_key": [],
                "disk_name": "",
                "disk_size_gb": 0,
                "disk_type": "pd-standard",
                "interface": "SCSI",
                "labels": {},
                "mode": "READ_WRITE",
                "provisioned_iops": 0,
                "resource_policies": [],
                "source": "",
                "source_image": "projects/debian-cloud/global/images/family/debian-11",
                "source_image_encryption_key": [],
                "source_snapshot": "",
                "source_snapshot_encryption_key": [],
                "type": "PERSISTENT"
              }
            ],
            "effective_labels": {},
            "guest_accelerator": [],
            "id": "projects/metroc-project-456121/global/instanceTemplates/app-template",
            "instance_description": "",
            "labels": null,
            "machine_type": "f1-micro",
            "metadata": {},
            "metadata_fingerprint": "5Qcjb1oMYvw=",
            "metadata_startup_script": "#!/bin/bash\nsudo apt-get update\nsudo apt-get install -y apache2\necho \"Hello from APP Terraform\" \u003e /var/www/html/index.html\nsudo systemctl enable apache2\nsudo systemctl start apache2\n",
            "min_cpu_platform": "",
            "name": "app-template",
            "name_prefix": null,
            "network_interface": [
              {
                "access_config": [
                  {
                    "nat_ip": "",
                    "network_tier": "PREMIUM",
                    "public_ptr_domain_name": ""
                  }
                ],
                "alias_ip_range": [],
                "internal_ipv6_prefix_length": 0,
                "ipv6_access_config": [],
                "ipv6_access_type": "",
                "ipv6_address": "",
                "name": "nic0",
                "network": "https://www.googleapis.com/compute/v1/projects/metroc-project-456121/global/networks/default",
                "network_ip": "",
                "nic_type": "",
                "queue_count": 0,
                "stack_type": "",
                "subnetwork": "",
                "subnetwork_project": ""
              }
            ],
            "network_performance_config": [],
            "project": "metroc-project-456121",
            "region": null,
            "reservation_affinity": [],
            "resource_policies": null,
            "scheduling": [
              {
                "automatic_restart": true,
                "instance_termination_action": "",
                "local_ssd_recovery_timeout": [],
                "min_node_cpus": 0,
                "node_affinities": [],
                "on_host_maintenance": "MIGRATE",
                "preemptible": false,
                "provisioning_model": "STANDARD"
              }
            ],
            "self_link": "https://www.googleapis.com/compute/v1/projects/metroc-project-456121/global/instanceTemplates/app-template",
            "self_link_unique": "https://www.googleapis.com/compute/v1/projects/metroc-project-456121/global/instanceTemplates/app-template?uniqueId=1326159327086409039",
            "service_account": [],
            "shielded_instance_config": [],
            "tags": [
              "app-server"
            ],
            "tags_fingerprint": "",
            "terraform_labels": {},
            "timeouts": null
          },
          "sensitive_attributes": [],
          "private": "eyJlMmJmYjczMC1lY2FhLTExZTYtOGY4OC0zNDM2M2JjN2M0YzAiOnsiY3JlYXRlIjoyNDAwMDAwMDAwMDAsImRlbGV0ZSI6MjQwMDAwMDAwMDAwfSwic2NoZW1hX3ZlcnNpb24iOiIxIn0=",
          "dependencies": [
            "data.google_compute_network.default"
          ]
        }
      ]
    },
    {
      "mode": "managed",
      "type": "google_compute_instance_template",
      "name": "web_template",
      "provider": "provider[\"registry.terraform.io/hashicorp/google\"]",
      "instances": [
        {
          "schema_version": 1,
          "attributes": {
            "advanced_machine_features": [],
            "can_ip_forward": false,
            "confidential_instance_config": [],
            "description": "",
            "disk": [
              {
                "auto_delete": true,
                "boot": true,
                "device_name": "persistent-disk-0",
                "disk_encryption_key": [],
                "disk_name": "",
                "disk_size_gb": 0,
                "disk_type": "pd-standard",
                "interface": "SCSI",
                "labels": {},
                "mode": "READ_WRITE",
                "provisioned_iops": 0,
                "resource_policies": [],
                "source": "",
                "source_image": "projects/debian-cloud/global/images/family/debian-11",
                "source_image_encryption_key": [],
                "source_snapshot": "",
                "source_snapshot_encryption_key": [],
                "type": "PERSISTENT"
              }
            ],
            "effective_labels": {},
            "guest_accelerator": [],
            "id": "projects/metroc-project-456121/global/instanceTemplates/web-template",
            "instance_description": "",
            "labels": null,
            "machine_type": "e2-micro",
            "metadata": {},
            "metadata_fingerprint": "vaxBJcSBc9w=",
            "metadata_startup_script": "#!/bin/bash\napt update\napt install -y apache2\necho \"Welcome to Web Terraform\" \u003e /var/www/html/index.html\nsystemctl start apache2\nsystemctl enable apache2\n",
            "min_cpu_platform": "",
            "name": "web-template",
            "name_prefix": null,
            "network_interface": [
              {
                "access_config": [
                  {
                    "nat_ip": "",
                    "network_tier": "PREMIUM",
                    "public_ptr_domain_name": ""
                  }
                ],
                "alias_ip_range": [],
                "internal_ipv6_prefix_length": 0,
                "ipv6_access_config": [],
                "ipv6_access_type": "",
                "ipv6_address": "",
                "name": "nic0",
                "network": "https://www.googleapis.com/compute/v1/projects/metroc-project-456121/global/networks/default",
                "network_ip": "",
                "nic_type": "",
                "queue_count": 0,
                "stack_type": "",
                "subnetwork": "",
                "subnetwork_project": ""
              }
            ],
            "network_performance_config": [],
            "project": "metroc-project-456121",
            "region": null,
            "reservation_affinity": [],
            "resource_policies": null,
            "scheduling": [
              {
                "automatic_restart": true,
                "instance_termination_action": "",
                "local_ssd_recovery_timeout": [],
                "min_node_cpus": 0,
                "node_affinities": [],
                "on_host_maintenance": "MIGRATE",
                "preemptible": false,
                "provisioning_model": "STANDARD"
              }
            ],
            "self_link": "https://www.googleapis.com/compute/v1/projects/metroc-project-456121/global/instanceTemplates/web-template",
            "self_link_unique": "https://www.googleapis.com/compute/v1/projects/metroc-project-456121/global/instanceTemplates/web-template?uniqueId=3302022979655726415",
            "service_account": [],
            "shielded_instance_config": [],
            "tags": [
              "web-server"
            ],
            "tags_fingerprint": "",
            "terraform_labels": {},
            "timeouts": null
          },
          "sensitive_attributes": [],
          "private": "eyJlMmJmYjczMC1lY2FhLTExZTYtOGY4OC0zNDM2M2JjN2M0YzAiOnsiY3JlYXRlIjoyNDAwMDAwMDAwMDAsImRlbGV0ZSI6MjQwMDAwMDAwMDAwfSwic2NoZW1hX3ZlcnNpb24iOiIxIn0=",
          "dependencies": [
            "data.google_compute_network.default"
          ]
        }
      ]
    },
    {
      "mode": "managed",
      "type": "google_compute_target_http_proxy",
      "name": "app_http_proxy",
      "provider": "provider[\"registry.terraform.io/hashicorp/google\"]",
      "instances": [
        {
          "schema_version": 0,
          "attributes": {
            "creation_timestamp": "2025-05-13T15:48:00.967-07:00",
            "description": "",
            "http_keep_alive_timeout_sec": 0,
            "id": "projects/metroc-project-456121/global/targetHttpProxies/app-http-proxy",
            "name": "app-http-proxy",
            "project": "metroc-project-456121",
            "proxy_bind": false,
            "proxy_id": 2041532116450046671,
            "self_link": "https://www.googleapis.com/compute/v1/projects/metroc-project-456121/global/targetHttpProxies/app-http-proxy",
            "timeouts": null,
            "url_map": "https://www.googleapis.com/compute/v1/projects/metroc-project-456121/global/urlMaps/app-url-map"
          },
          "sensitive_attributes": [],
          "private": "eyJlMmJmYjczMC1lY2FhLTExZTYtOGY4OC0zNDM2M2JjN2M0YzAiOnsiY3JlYXRlIjoxMjAwMDAwMDAwMDAwLCJkZWxldGUiOjEyMDAwMDAwMDAwMDAsInVwZGF0ZSI6MTIwMDAwMDAwMDAwMH19",
          "dependencies": [
            "data.google_compute_network.default",
            "google_compute_backend_service.app_backend_service",
            "google_compute_http_health_check.app_health_check",
            "google_compute_instance_group_manager.app_mig",
            "google_compute_instance_template.app_template",
            "google_compute_url_map.app_url_map"
          ]
        }
      ]
    },
    {
      "mode": "managed",
      "type": "google_compute_target_http_proxy",
      "name": "web_http_proxy",
      "provider": "provider[\"registry.terraform.io/hashicorp/google\"]",
      "instances": [
        {
          "schema_version": 0,
          "attributes": {
            "creation_timestamp": "2025-05-13T15:48:09.798-07:00",
            "description": "",
            "http_keep_alive_timeout_sec": 0,
            "id": "projects/metroc-project-456121/global/targetHttpProxies/web-http-proxy",
            "name": "web-http-proxy",
            "project": "metroc-project-456121",
            "proxy_bind": false,
            "proxy_id": 6416403164413457094,
            "self_link": "https://www.googleapis.com/compute/v1/projects/metroc-project-456121/global/targetHttpProxies/web-http-proxy",
            "timeouts": null,
            "url_map": "https://www.googleapis.com/compute/v1/projects/metroc-project-456121/global/urlMaps/web-url-map"
          },
          "sensitive_attributes": [],
          "private": "eyJlMmJmYjczMC1lY2FhLTExZTYtOGY4OC0zNDM2M2JjN2M0YzAiOnsiY3JlYXRlIjoxMjAwMDAwMDAwMDAwLCJkZWxldGUiOjEyMDAwMDAwMDAwMDAsInVwZGF0ZSI6MTIwMDAwMDAwMDAwMH19",
          "dependencies": [
            "data.google_compute_network.default",
            "google_compute_backend_service.web_backend_service",
            "google_compute_http_health_check.web_health_check",
            "google_compute_instance_group_manager.web_mig",
            "google_compute_instance_template.web_template",
            "google_compute_url_map.web_url_map"
          ]
        }
      ]
    },
    {
      "mode": "managed",
      "type": "google_compute_url_map",
      "name": "app_url_map",
      "provider": "provider[\"registry.terraform.io/hashicorp/google\"]",
      "instances": [
        {
          "schema_version": 0,
          "attributes": {
            "creation_timestamp": "2025-05-13T15:47:49.957-07:00",
            "default_route_action": [],
            "default_service": "https://www.googleapis.com/compute/v1/projects/metroc-project-456121/global/backendServices/app-backend-service",
            "default_url_redirect": [],
            "description": "",
            "fingerprint": "vc2q0ZgXRJY=",
            "header_action": [],
            "host_rule": [],
            "id": "projects/metroc-project-456121/global/urlMaps/app-url-map",
            "map_id": 7137173379048436474,
            "name": "app-url-map",
            "path_matcher": [],
            "project": "metroc-project-456121",
            "self_link": "https://www.googleapis.com/compute/v1/projects/metroc-project-456121/global/urlMaps/app-url-map",
            "test": [],
            "timeouts": null
          },
          "sensitive_attributes": [],
          "private": "eyJlMmJmYjczMC1lY2FhLTExZTYtOGY4OC0zNDM2M2JjN2M0YzAiOnsiY3JlYXRlIjoxMjAwMDAwMDAwMDAwLCJkZWxldGUiOjEyMDAwMDAwMDAwMDAsInVwZGF0ZSI6MTIwMDAwMDAwMDAwMH19",
          "dependencies": [
            "data.google_compute_network.default",
            "google_compute_backend_service.app_backend_service",
            "google_compute_http_health_check.app_health_check",
            "google_compute_instance_group_manager.app_mig",
            "google_compute_instance_template.app_template"
          ]
        }
      ]
    },
    {
      "mode": "managed",
      "type": "google_compute_url_map",
      "name": "web_url_map",
      "provider": "provider[\"registry.terraform.io/hashicorp/google\"]",
      "instances": [
        {
          "schema_version": 0,
          "attributes": {
            "creation_timestamp": "2025-05-13T15:47:58.878-07:00",
            "default_route_action": [],
            "default_service": "https://www.googleapis.com/compute/v1/projects/metroc-project-456121/global/backendServices/web-backend-service",
            "default_url_redirect": [],
            "description": "",
            "fingerprint": "Zfw9JkqkWWc=",
            "header_action": [],
            "host_rule": [],
            "id": "projects/metroc-project-456121/global/urlMaps/web-url-map",
            "map_id": 3291413083289711345,
            "name": "web-url-map",
            "path_matcher": [],
            "project": "metroc-project-456121",
            "self_link": "https://www.googleapis.com/compute/v1/projects/metroc-project-456121/global/urlMaps/web-url-map",
            "test": [],
            "timeouts": null
          },
          "sensitive_attributes": [],
          "private": "eyJlMmJmYjczMC1lY2FhLTExZTYtOGY4OC0zNDM2M2JjN2M0YzAiOnsiY3JlYXRlIjoxMjAwMDAwMDAwMDAwLCJkZWxldGUiOjEyMDAwMDAwMDAwMDAsInVwZGF0ZSI6MTIwMDAwMDAwMDAwMH19",
          "dependencies": [
            "data.google_compute_network.default",
            "google_compute_backend_service.web_backend_service",
            "google_compute_http_health_check.web_health_check",
            "google_compute_instance_group_manager.web_mig",
            "google_compute_instance_template.web_template"
          ]
        }
      ]
    },
    {
      "mode": "managed",
      "type": "google_dns_managed_zone",
      "name": "app_zone",
      "provider": "provider[\"registry.terraform.io/hashicorp/google\"]",
      "instances": [
        {
          "schema_version": 0,
          "attributes": {
            "cloud_logging_config": [
              {
                "enable_logging": false
              }
            ],
            "creation_time": "2025-05-13T22:45:53.949Z",
            "description": "Managed zone for app.",
            "dns_name": "mygcp-appproject.com.",
            "dnssec_config": [],
            "effective_labels": {},
            "force_destroy": false,
            "forwarding_config": [],
            "id": "projects/metroc-project-456121/managedZones/app-zone",
            "labels": {},
            "managed_zone_id": 6664569065562418380,
            "name": "app-zone",
            "name_servers": [
              "ns-cloud-b1.googledomains.com.",
              "ns-cloud-b2.googledomains.com.",
              "ns-cloud-b3.googledomains.com.",
              "ns-cloud-b4.googledomains.com."
            ],
            "peering_config": [],
            "private_visibility_config": [],
            "project": "metroc-project-456121",
            "terraform_labels": {},
            "timeouts": null,
            "visibility": "public"
          },
          "sensitive_attributes": [],
          "private": "eyJlMmJmYjczMC1lY2FhLTExZTYtOGY4OC0zNDM2M2JjN2M0YzAiOnsiY3JlYXRlIjoxMjAwMDAwMDAwMDAwLCJkZWxldGUiOjEyMDAwMDAwMDAwMDAsInVwZGF0ZSI6MTIwMDAwMDAwMDAwMH19"
        }
      ]
    },
    {
      "mode": "managed",
      "type": "google_dns_managed_zone",
      "name": "web_zone",
      "provider": "provider[\"registry.terraform.io/hashicorp/google\"]",
      "instances": [
        {
          "schema_version": 0,
          "attributes": {
            "cloud_logging_config": [
              {
                "enable_logging": false
              }
            ],
            "creation_time": "2025-05-13T22:45:52.692Z",
            "description": "Managed zone for my web.",
            "dns_name": "mygcp-exampleproject.com.",
            "dnssec_config": [],
            "effective_labels": {},
            "force_destroy": false,
            "forwarding_config": [],
            "id": "projects/metroc-project-456121/managedZones/web-zone",
            "labels": {},
            "managed_zone_id": 2975186506357253723,
            "name": "web-zone",
            "name_servers": [
              "ns-cloud-d1.googledomains.com.",
              "ns-cloud-d2.googledomains.com.",
              "ns-cloud-d3.googledomains.com.",
              "ns-cloud-d4.googledomains.com."
            ],
            "peering_config": [],
            "private_visibility_config": [],
            "project": "metroc-project-456121",
            "terraform_labels": {},
            "timeouts": null,
            "visibility": "public"
          },
          "sensitive_attributes": [],
          "private": "eyJlMmJmYjczMC1lY2FhLTExZTYtOGY4OC0zNDM2M2JjN2M0YzAiOnsiY3JlYXRlIjoxMjAwMDAwMDAwMDAwLCJkZWxldGUiOjEyMDAwMDAwMDAwMDAsInVwZGF0ZSI6MTIwMDAwMDAwMDAwMH19"
        }
      ]
    },
    {
      "mode": "managed",
      "type": "google_dns_record_set",
      "name": "app_a_record",
      "provider": "provider[\"registry.terraform.io/hashicorp/google\"]",
      "instances": [
        {
          "schema_version": 0,
          "attributes": {
            "id": "projects/metroc-project-456121/managedZones/app-zone/rrsets/app.mygcp-appproject.com./A",
            "managed_zone": "app-zone",
            "name": "app.mygcp-appproject.com.",
            "project": "metroc-project-456121",
            "routing_policy": [],
            "rrdatas": [
              "34.120.119.1"
            ],
            "ttl": 300,
            "type": "A"
          },
          "sensitive_attributes": [],
          "private": "bnVsbA==",
          "dependencies": [
            "google_compute_global_address.app_ip",
            "google_dns_managed_zone.app_zone"
          ]
        }
      ]
    },
    {
      "mode": "managed",
      "type": "google_dns_record_set",
      "name": "web_a_record",
      "provider": "provider[\"registry.terraform.io/hashicorp/google\"]",
      "instances": [
        {
          "schema_version": 0,
          "attributes": {
            "id": "projects/metroc-project-456121/managedZones/web-zone/rrsets/web.mygcp-exampleproject.com./A",
            "managed_zone": "web-zone",
            "name": "web.mygcp-exampleproject.com.",
            "project": "metroc-project-456121",
            "routing_policy": [],
            "rrdatas": [
              "34.8.247.202"
            ],
            "ttl": 300,
            "type": "A"
          },
          "sensitive_attributes": [],
          "private": "bnVsbA==",
          "dependencies": [
            "google_compute_global_address.web_ip",
            "google_dns_managed_zone.web_zone"
          ]
        }
      ]
    },
    {
      "mode": "managed",
      "type": "google_sql_database",
      "name": "database",
      "provider": "provider[\"registry.terraform.io/hashicorp/google\"]",
      "instances": [
        {
          "schema_version": 0,
          "attributes": {
            "charset": "utf8mb4",
            "collation": "utf8mb4_0900_ai_ci",
            "deletion_policy": "DELETE",
            "id": "projects/metroc-project-456121/instances/my-db-instance/databases/projectdb",
            "instance": "my-db-instance",
            "name": "projectdb",
            "project": "metroc-project-456121",
            "self_link": "https://sqladmin.googleapis.com/sql/v1beta4/projects/metroc-project-456121/instances/my-db-instance/databases/projectdb",
            "timeouts": null
          },
          "sensitive_attributes": [],
          "private": "eyJlMmJmYjczMC1lY2FhLTExZTYtOGY4OC0zNDM2M2JjN2M0YzAiOnsiY3JlYXRlIjoxMjAwMDAwMDAwMDAwLCJkZWxldGUiOjEyMDAwMDAwMDAwMDAsInVwZGF0ZSI6MTIwMDAwMDAwMDAwMH19",
          "dependencies": [
            "google_sql_database_instance.db"
          ]
        }
      ]
    },
    {
      "mode": "managed",
      "type": "google_sql_database_instance",
      "name": "db",
      "provider": "provider[\"registry.terraform.io/hashicorp/google\"]",
      "instances": [
        {
          "schema_version": 0,
          "attributes": {
            "available_maintenance_versions": [],
            "clone": [],
            "connection_name": "metroc-project-456121:us-central1:my-db-instance",
            "database_version": "MYSQL_8_0",
            "deletion_protection": false,
            "dns_name": "",
            "encryption_key_name": null,
            "first_ip_address": "34.29.23.78",
            "id": "my-db-instance",
            "instance_type": "CLOUD_SQL_INSTANCE",
            "ip_address": [
              {
                "ip_address": "34.29.23.78",
                "time_to_retire": "",
                "type": "PRIMARY"
              }
            ],
            "maintenance_version": "MYSQL_8_0_40.R20250304.00_03",
            "master_instance_name": "",
            "name": "my-db-instance",
            "private_ip_address": "",
            "project": "metroc-project-456121",
            "psc_service_attachment_link": "",
            "public_ip_address": "34.29.23.78",
            "region": "us-central1",
            "replica_configuration": [],
            "restore_backup_context": [],
            "root_password": null,
            "self_link": "https://sqladmin.googleapis.com/sql/v1beta4/projects/metroc-project-456121/instances/my-db-instance",
            "server_ca_cert": [
              {
                "cert": "-----BEGIN CERTIFICATE-----\nMIIDfzCCAmegAwIBAgIBADANBgkqhkiG9w0BAQsFADB3MS0wKwYDVQQuEyQ5ZTlm\nYjM5ZS1jMzRjLTQ0NjAtOWY0NC0yMGRlZjgwOGI5Y2UxIzAhBgNVBAMTGkdvb2ds\nZSBDbG91ZCBTUUwgU2VydmVyIENBMRQwEgYDVQQKEwtHb29nbGUsIEluYzELMAkG\nA1UEBhMCVVMwHhcNMjUwNTEzMjI0NTM2WhcNMzUwNTExMjI0NjM2WjB3MS0wKwYD\nVQQuEyQ5ZTlmYjM5ZS1jMzRjLTQ0NjAtOWY0NC0yMGRlZjgwOGI5Y2UxIzAhBgNV\nBAMTGkdvb2dsZSBDbG91ZCBTUUwgU2VydmVyIENBMRQwEgYDVQQKEwtHb29nbGUs\nIEluYzELMAkGA1UEBhMCVVMwggEiMA0GCSqGSIb3DQEBAQUAA4IBDwAwggEKAoIB\nAQDFA3E1k3mEOa9V7pHnIZuMgW+AXPmT+CjDLrDpCKxGwn/p4udx/MySFQdQlnGp\np4gA0AVmIZ6nK0hPc8jS6F2Kpt0t9bbYKWWphvCNYvqWwBCb1HTYWJYjPGIbLvDq\nmcpGcgd3NUUBudWn8ABV9Xx+hm3S0PsXRWVEdZ3glk/lKV10ZJdQ0VTW+9dH3e9i\ndrnJ9iewmWZkLdgOL1E6Hz5Y/wNQ5+p/9Y8UpPBDs2GtVx+YVC1rgX/ln8P3NXSr\nhGk3Eh0Ol42hevV3D48YeKrYcdDN549JS/Mqi8eHSxph6LheT/DXgdOa228LM/8b\nnaidE539aGm0TLdsQgPp7uWbAgMBAAGjFjAUMBIGA1UdEwEB/wQIMAYBAf8CAQAw\nDQYJKoZIhvcNAQELBQADggEBAL0tgOWxGCOPQLjxgyOc0D8nP1xLkCYKBNQevx06\nuVVf+qYzkUJgtgRdZMA9pgInmzvJGkGSY0eZfwWNrFhkXvX6akKzfMWP6rekAg3J\n3tHizqelRPmgn5l0JvSDXlDp1YWvIi87rCBUNMkozonaL5wGcGh0NMr+nuhV7EgO\nGyFxVRYjQb+ObJvuyPYKLMjvsUNYJmNwhCUZA4w8VyMs6A6sj5b4tq2o1cNHU2yv\nLWG6xvitKPAUZNz3VK+bWjWs0mnUH863x4G1NoVNbjXYTvODRTkJ7A9zdQn4APIt\nqCi1MA5N+0jJobwGhjHZ6Rw518+dmkpIspMxBgQ/oNjGpJc=\n-----END CERTIFICATE-----",
                "common_name": "C=US,O=Google\\, Inc,CN=Google Cloud SQL Server CA,dnQualifier=9e9fb39e-c34c-4460-9f44-20def808b9ce",
                "create_time": "2025-05-13T22:45:36.845Z",
                "expiration_time": "2035-05-11T22:46:36.845Z",
                "sha1_fingerprint": "8a996eab05f5a9b1d9e4108b1a01c7e342619ce4"
              }
            ],
            "service_account_email_address": "p188510275692-9s0weo@gcp-sa-cloud-sql.iam.gserviceaccount.com",
            "settings": [
              {
                "activation_policy": "ALWAYS",
                "active_directory_config": [],
                "advanced_machine_features": [],
                "availability_type": "ZONAL",
                "backup_configuration": [
                  {
                    "backup_retention_settings": [
                      {
                        "retained_backups": 7,
                        "retention_unit": "COUNT"
                      }
                    ],
                    "binary_log_enabled": false,
                    "enabled": false,
                    "location": "",
                    "point_in_time_recovery_enabled": false,
                    "start_time": "21:00",
                    "transaction_log_retention_days": 7
                  }
                ],
                "collation": "",
                "connector_enforcement": "NOT_REQUIRED",
                "data_cache_config": [],
                "database_flags": [],
                "deletion_protection_enabled": false,
                "deny_maintenance_period": [],
                "disk_autoresize": true,
                "disk_autoresize_limit": 0,
                "disk_size": 10,
                "disk_type": "PD_SSD",
                "edition": "",
                "insights_config": [],
                "ip_configuration": [
                  {
                    "allocated_ip_range": "",
                    "authorized_networks": [
                      {
                        "expiration_time": "",
                        "name": "allow-all",
                        "value": "0.0.0.0/0"
                      }
                    ],
                    "enable_private_path_for_google_cloud_services": false,
                    "ipv4_enabled": true,
                    "private_network": "",
                    "psc_config": [],
                    "require_ssl": false
                  }
                ],
                "location_preference": [
                  {
                    "follow_gae_application": "",
                    "secondary_zone": "",
                    "zone": "us-central1-c"
                  }
                ],
                "maintenance_window": [],
                "password_validation_policy": [],
                "pricing_plan": "PER_USE",
                "sql_server_audit_config": [],
                "tier": "db-f1-micro",
                "time_zone": "",
                "user_labels": {},
                "version": 1
              }
            ],
            "timeouts": null
          },
          "sensitive_attributes": [],
          "private": "eyJlMmJmYjczMC1lY2FhLTExZTYtOGY4OC0zNDM2M2JjN2M0YzAiOnsiY3JlYXRlIjoyNDAwMDAwMDAwMDAwLCJkZWxldGUiOjE4MDAwMDAwMDAwMDAsInVwZGF0ZSI6MTgwMDAwMDAwMDAwMH19"
        }
      ]
    },
    {
      "mode": "managed",
      "type": "google_sql_user",
      "name": "db_user",
      "provider": "provider[\"registry.terraform.io/hashicorp/google\"]",
      "instances": [
        {
          "schema_version": 1,
          "attributes": {
            "deletion_policy": null,
            "host": "%",
            "id": "projectuser/%/my-db-instance",
            "instance": "my-db-instance",
            "name": "projectuser",
            "password": "Data!234%",
            "password_policy": [],
            "project": "metroc-project-456121",
            "sql_server_user_details": [],
            "timeouts": null,
            "type": ""
          },
          "sensitive_attributes": [
            [
              {
                "type": "get_attr",
                "value": "password"
              }
            ]
          ],
          "private": "eyJlMmJmYjczMC1lY2FhLTExZTYtOGY4OC0zNDM2M2JjN2M0YzAiOnsiY3JlYXRlIjo2MDAwMDAwMDAwMDAsImRlbGV0ZSI6NjAwMDAwMDAwMDAwLCJ1cGRhdGUiOjYwMDAwMDAwMDAwMH0sInNjaGVtYV92ZXJzaW9uIjoiMSJ9",
          "dependencies": [
            "google_sql_database_instance.db"
          ]
        }
      ]
    }
  ],
  "check_results": null
}
